// !$*UTF8*$!
{
	archiveVersion = 1;
	classes = {
	};
	objectVersion = 55;
	objects = {

/* Begin PBXBuildFile section */
		6099F5B227078EA500673EBD /* Tap_TrackerApp.swift in Sources */ = {isa = PBXBuildFile; fileRef = 6099F5B127078EA500673EBD /* Tap_TrackerApp.swift */; };
		6099F5B427078EA500673EBD /* ContentView.swift in Sources */ = {isa = PBXBuildFile; fileRef = 6099F5B327078EA500673EBD /* ContentView.swift */; };
		6099F5B627078EA700673EBD /* Assets.xcassets in Resources */ = {isa = PBXBuildFile; fileRef = 6099F5B527078EA700673EBD /* Assets.xcassets */; };
		6099F5B927078EA700673EBD /* Preview Assets.xcassets in Resources */ = {isa = PBXBuildFile; fileRef = 6099F5B827078EA700673EBD /* Preview Assets.xcassets */; };
		60AAF4B12710D31300AD6A03 /* SessionsView.swift in Sources */ = {isa = PBXBuildFile; fileRef = 60AAF4B02710D31300AD6A03 /* SessionsView.swift */; };
		60AAF4B32710D32000AD6A03 /* GraphView.swift in Sources */ = {isa = PBXBuildFile; fileRef = 60AAF4B22710D32000AD6A03 /* GraphView.swift */; };
		60AAF4B72710D46700AD6A03 /* TapPane.swift in Sources */ = {isa = PBXBuildFile; fileRef = 60AAF4B62710D46700AD6A03 /* TapPane.swift */; };
		60AAF4B92710D4CD00AD6A03 /* TapView.swift in Sources */ = {isa = PBXBuildFile; fileRef = 60AAF4B82710D4CD00AD6A03 /* TapView.swift */; };
		60AAF4BB2710EF1400AD6A03 /* Session.swift in Sources */ = {isa = PBXBuildFile; fileRef = 60AAF4BA2710EF1400AD6A03 /* Session.swift */; };
		60AAF4BD2710EFA100AD6A03 /* SessionCard.swift in Sources */ = {isa = PBXBuildFile; fileRef = 60AAF4BC2710EFA100AD6A03 /* SessionCard.swift */; };
		7250A9082710FA6D004C90D5 /* Category.swift in Sources */ = {isa = PBXBuildFile; fileRef = 7250A9072710FA6D004C90D5 /* Category.swift */; };
		7250A90F27112ECF004C90D5 /* CategoryData.swift in Sources */ = {isa = PBXBuildFile; fileRef = 7250A90E27112ECF004C90D5 /* CategoryData.swift */; };
		7250A91127112EDD004C90D5 /* SessionData.swift in Sources */ = {isa = PBXBuildFile; fileRef = 7250A91027112EDD004C90D5 /* SessionData.swift */; };
		72F4F5312712808F00006E17 /* CategoryCard.swift in Sources */ = {isa = PBXBuildFile; fileRef = 72F4F5302712808F00006E17 /* CategoryCard.swift */; };
		72FE360A272CA76800B7E267 /* GoogleService-Info.plist in Resources */ = {isa = PBXBuildFile; fileRef = 72FE3609272CA76800B7E267 /* GoogleService-Info.plist */; };
		C7FF41F550D26846D5113297 /* Pods_Tap_Tracker.framework in Frameworks */ = {isa = PBXBuildFile; fileRef = 5B69C225550EF37A1A1FB513 /* Pods_Tap_Tracker.framework */; };
/* End PBXBuildFile section */

/* Begin PBXFileReference section */
		1EAB55D63F33AE749DD6D236 /* Pods-Tap Tracker.debug.xcconfig */ = {isa = PBXFileReference; includeInIndex = 1; lastKnownFileType = text.xcconfig; name = "Pods-Tap Tracker.debug.xcconfig"; path = "Target Support Files/Pods-Tap Tracker/Pods-Tap Tracker.debug.xcconfig"; sourceTree = "<group>"; };
		3FBF93B2423EB2D5703F5B52 /* Pods-Tap Tracker.release.xcconfig */ = {isa = PBXFileReference; includeInIndex = 1; lastKnownFileType = text.xcconfig; name = "Pods-Tap Tracker.release.xcconfig"; path = "Target Support Files/Pods-Tap Tracker/Pods-Tap Tracker.release.xcconfig"; sourceTree = "<group>"; };
		5B69C225550EF37A1A1FB513 /* Pods_Tap_Tracker.framework */ = {isa = PBXFileReference; explicitFileType = wrapper.framework; includeInIndex = 0; path = Pods_Tap_Tracker.framework; sourceTree = BUILT_PRODUCTS_DIR; };
		6099F5AE27078EA500673EBD /* Tap Tracker.app */ = {isa = PBXFileReference; explicitFileType = wrapper.application; includeInIndex = 0; path = "Tap Tracker.app"; sourceTree = BUILT_PRODUCTS_DIR; };
		6099F5B127078EA500673EBD /* Tap_TrackerApp.swift */ = {isa = PBXFileReference; lastKnownFileType = sourcecode.swift; path = Tap_TrackerApp.swift; sourceTree = "<group>"; };
		6099F5B327078EA500673EBD /* ContentView.swift */ = {isa = PBXFileReference; lastKnownFileType = sourcecode.swift; path = ContentView.swift; sourceTree = "<group>"; };
		6099F5B527078EA700673EBD /* Assets.xcassets */ = {isa = PBXFileReference; lastKnownFileType = folder.assetcatalog; path = Assets.xcassets; sourceTree = "<group>"; };
		6099F5B827078EA700673EBD /* Preview Assets.xcassets */ = {isa = PBXFileReference; lastKnownFileType = folder.assetcatalog; path = "Preview Assets.xcassets"; sourceTree = "<group>"; };
		60AAF4B02710D31300AD6A03 /* SessionsView.swift */ = {isa = PBXFileReference; lastKnownFileType = sourcecode.swift; path = SessionsView.swift; sourceTree = "<group>"; };
		60AAF4B22710D32000AD6A03 /* GraphView.swift */ = {isa = PBXFileReference; lastKnownFileType = sourcecode.swift; path = GraphView.swift; sourceTree = "<group>"; };
		60AAF4B62710D46700AD6A03 /* TapPane.swift */ = {isa = PBXFileReference; lastKnownFileType = sourcecode.swift; path = TapPane.swift; sourceTree = "<group>"; };
		60AAF4B82710D4CD00AD6A03 /* TapView.swift */ = {isa = PBXFileReference; lastKnownFileType = sourcecode.swift; path = TapView.swift; sourceTree = "<group>"; };
		60AAF4BA2710EF1400AD6A03 /* Session.swift */ = {isa = PBXFileReference; lastKnownFileType = sourcecode.swift; path = Session.swift; sourceTree = "<group>"; };
		60AAF4BC2710EFA100AD6A03 /* SessionCard.swift */ = {isa = PBXFileReference; lastKnownFileType = sourcecode.swift; path = SessionCard.swift; sourceTree = "<group>"; };
		7250A9072710FA6D004C90D5 /* Category.swift */ = {isa = PBXFileReference; lastKnownFileType = sourcecode.swift; path = Category.swift; sourceTree = "<group>"; };
		7250A90E27112ECF004C90D5 /* CategoryData.swift */ = {isa = PBXFileReference; lastKnownFileType = sourcecode.swift; path = CategoryData.swift; sourceTree = "<group>"; };
		7250A91027112EDD004C90D5 /* SessionData.swift */ = {isa = PBXFileReference; lastKnownFileType = sourcecode.swift; path = SessionData.swift; sourceTree = "<group>"; };
		72F4F5302712808F00006E17 /* CategoryCard.swift */ = {isa = PBXFileReference; lastKnownFileType = sourcecode.swift; path = CategoryCard.swift; sourceTree = "<group>"; };
		72FE3609272CA76800B7E267 /* GoogleService-Info.plist */ = {isa = PBXFileReference; lastKnownFileType = text.plist.xml; name = "GoogleService-Info.plist"; path = "Tap Tracker/GoogleService-Info.plist"; sourceTree = SOURCE_ROOT; };
/* End PBXFileReference section */

/* Begin PBXFrameworksBuildPhase section */
		6099F5AB27078EA500673EBD /* Frameworks */ = {
			isa = PBXFrameworksBuildPhase;
			buildActionMask = 2147483647;
			files = (
				C7FF41F550D26846D5113297 /* Pods_Tap_Tracker.framework in Frameworks */,
			);
			runOnlyForDeploymentPostprocessing = 0;
		};
/* End PBXFrameworksBuildPhase section */

/* Begin PBXGroup section */
		6099F5A527078EA500673EBD = {
			isa = PBXGroup;
			children = (
				6099F5B027078EA500673EBD /* Tap Tracker */,
				6099F5AF27078EA500673EBD /* Products */,
				E41CDF2D257DC6264EA592A0 /* Pods */,
				90303C11EC64ADE9AE1B871D /* Frameworks */,
			);
			sourceTree = "<group>";
		};
		6099F5AF27078EA500673EBD /* Products */ = {
			isa = PBXGroup;
			children = (
				6099F5AE27078EA500673EBD /* Tap Tracker.app */,
			);
			name = Products;
			sourceTree = "<group>";
		};
		6099F5B027078EA500673EBD /* Tap Tracker */ = {
			isa = PBXGroup;
			children = (
				72FE3609272CA76800B7E267 /* GoogleService-Info.plist */,
				72F4F5372712AA6C00006E17 /* Tap */,
				72F4F5362712AA6600006E17 /* Session */,
				7250A90D27112EAA004C90D5 /* Struct */,
				72F4F5342712AA4800006E17 /* Graph */,
				7250A90B27112E24004C90D5 /* Main */,
				6099F5B527078EA700673EBD /* Assets.xcassets */,
				6099F5B727078EA700673EBD /* Preview Content */,
			);
			path = "Tap Tracker";
			sourceTree = "<group>";
		};
		6099F5B727078EA700673EBD /* Preview Content */ = {
			isa = PBXGroup;
			children = (
				6099F5B827078EA700673EBD /* Preview Assets.xcassets */,
			);
			path = "Preview Content";
			sourceTree = "<group>";
		};
		7250A90927112E14004C90D5 /* Dummy */ = {
			isa = PBXGroup;
			children = (
				7250A90E27112ECF004C90D5 /* CategoryData.swift */,
				7250A91027112EDD004C90D5 /* SessionData.swift */,
			);
			path = Dummy;
			sourceTree = "<group>";
		};
		7250A90B27112E24004C90D5 /* Main */ = {
			isa = PBXGroup;
			children = (
				6099F5B327078EA500673EBD /* ContentView.swift */,
				6099F5B127078EA500673EBD /* Tap_TrackerApp.swift */,
			);
			path = Main;
			sourceTree = "<group>";
		};
		7250A90D27112EAA004C90D5 /* Struct */ = {
			isa = PBXGroup;
			children = (
				7250A90927112E14004C90D5 /* Dummy */,
				7250A9072710FA6D004C90D5 /* Category.swift */,
				60AAF4BA2710EF1400AD6A03 /* Session.swift */,
			);
			path = Struct;
			sourceTree = "<group>";
		};
		72F4F5342712AA4800006E17 /* Graph */ = {
			isa = PBXGroup;
			children = (
				60AAF4B22710D32000AD6A03 /* GraphView.swift */,
			);
			path = Graph;
			sourceTree = "<group>";
		};
		72F4F5362712AA6600006E17 /* Session */ = {
			isa = PBXGroup;
			children = (
				60AAF4B02710D31300AD6A03 /* SessionsView.swift */,
				60AAF4BC2710EFA100AD6A03 /* SessionCard.swift */,
				72F4F5302712808F00006E17 /* CategoryCard.swift */,
			);
			path = Session;
			sourceTree = "<group>";
		};
		72F4F5372712AA6C00006E17 /* Tap */ = {
			isa = PBXGroup;
			children = (
				60AAF4B82710D4CD00AD6A03 /* TapView.swift */,
				60AAF4B62710D46700AD6A03 /* TapPane.swift */,
			);
			path = Tap;
			sourceTree = "<group>";
		};
		90303C11EC64ADE9AE1B871D /* Frameworks */ = {
			isa = PBXGroup;
			children = (
				5B69C225550EF37A1A1FB513 /* Pods_Tap_Tracker.framework */,
			);
			name = Frameworks;
			sourceTree = "<group>";
		};
		E41CDF2D257DC6264EA592A0 /* Pods */ = {
			isa = PBXGroup;
			children = (
				1EAB55D63F33AE749DD6D236 /* Pods-Tap Tracker.debug.xcconfig */,
				3FBF93B2423EB2D5703F5B52 /* Pods-Tap Tracker.release.xcconfig */,
			);
			path = Pods;
			sourceTree = "<group>";
		};
/* End PBXGroup section */

/* Begin PBXNativeTarget section */
		6099F5AD27078EA500673EBD /* Tap Tracker */ = {
			isa = PBXNativeTarget;
			buildConfigurationList = 6099F5BC27078EA700673EBD /* Build configuration list for PBXNativeTarget "Tap Tracker" */;
			buildPhases = (
				1E253AC3D1DF238D5410E81B /* [CP] Check Pods Manifest.lock */,
				6099F5AA27078EA500673EBD /* Sources */,
				6099F5AB27078EA500673EBD /* Frameworks */,
				6099F5AC27078EA500673EBD /* Resources */,
				05DF5206F3ADD6EA1359FB4C /* [CP] Embed Pods Frameworks */,
			);
			buildRules = (
			);
			dependencies = (
			);
			name = "Tap Tracker";
			productName = "Tap Tracker";
			productReference = 6099F5AE27078EA500673EBD /* Tap Tracker.app */;
			productType = "com.apple.product-type.application";
		};
/* End PBXNativeTarget section */

/* Begin PBXProject section */
		6099F5A627078EA500673EBD /* Project object */ = {
			isa = PBXProject;
			attributes = {
				BuildIndependentTargetsInParallel = 1;
				LastSwiftUpdateCheck = 1300;
				LastUpgradeCheck = 1300;
				TargetAttributes = {
					6099F5AD27078EA500673EBD = {
						CreatedOnToolsVersion = 13.0;
					};
				};
			};
			buildConfigurationList = 6099F5A927078EA500673EBD /* Build configuration list for PBXProject "Tap Tracker" */;
			compatibilityVersion = "Xcode 13.0";
			developmentRegion = en;
			hasScannedForEncodings = 0;
			knownRegions = (
				en,
				Base,
			);
			mainGroup = 6099F5A527078EA500673EBD;
			productRefGroup = 6099F5AF27078EA500673EBD /* Products */;
			projectDirPath = "";
			projectRoot = "";
			targets = (
				6099F5AD27078EA500673EBD /* Tap Tracker */,
			);
		};
/* End PBXProject section */

/* Begin PBXResourcesBuildPhase section */
		6099F5AC27078EA500673EBD /* Resources */ = {
			isa = PBXResourcesBuildPhase;
			buildActionMask = 2147483647;
			files = (
				6099F5B927078EA700673EBD /* Preview Assets.xcassets in Resources */,
				6099F5B627078EA700673EBD /* Assets.xcassets in Resources */,
				72FE360A272CA76800B7E267 /* GoogleService-Info.plist in Resources */,
			);
			runOnlyForDeploymentPostprocessing = 0;
		};
/* End PBXResourcesBuildPhase section */

/* Begin PBXShellScriptBuildPhase section */
		05DF5206F3ADD6EA1359FB4C /* [CP] Embed Pods Frameworks */ = {
			isa = PBXShellScriptBuildPhase;
			buildActionMask = 2147483647;
			files = (
			);
			inputFileListPaths = (
				"${PODS_ROOT}/Target Support Files/Pods-Tap Tracker/Pods-Tap Tracker-frameworks-${CONFIGURATION}-input-files.xcfilelist",
			);
			name = "[CP] Embed Pods Frameworks";
			outputFileListPaths = (
				"${PODS_ROOT}/Target Support Files/Pods-Tap Tracker/Pods-Tap Tracker-frameworks-${CONFIGURATION}-output-files.xcfilelist",
			);
			runOnlyForDeploymentPostprocessing = 0;
			shellPath = /bin/sh;
			shellScript = "\"${PODS_ROOT}/Target Support Files/Pods-Tap Tracker/Pods-Tap Tracker-frameworks.sh\"\n";
			showEnvVarsInLog = 0;
		};
		1E253AC3D1DF238D5410E81B /* [CP] Check Pods Manifest.lock */ = {
			isa = PBXShellScriptBuildPhase;
			buildActionMask = 2147483647;
			files = (
			);
			inputFileListPaths = (
			);
			inputPaths = (
				"${PODS_PODFILE_DIR_PATH}/Podfile.lock",
				"${PODS_ROOT}/Manifest.lock",
			);
			name = "[CP] Check Pods Manifest.lock";
			outputFileListPaths = (
			);
			outputPaths = (
				"$(DERIVED_FILE_DIR)/Pods-Tap Tracker-checkManifestLockResult.txt",
			);
			runOnlyForDeploymentPostprocessing = 0;
			shellPath = /bin/sh;
			shellScript = "diff \"${PODS_PODFILE_DIR_PATH}/Podfile.lock\" \"${PODS_ROOT}/Manifest.lock\" > /dev/null\nif [ $? != 0 ] ; then\n    # print error to STDERR\n    echo \"error: The sandbox is not in sync with the Podfile.lock. Run 'pod install' or update your CocoaPods installation.\" >&2\n    exit 1\nfi\n# This output is used by Xcode 'outputs' to avoid re-running this script phase.\necho \"SUCCESS\" > \"${SCRIPT_OUTPUT_FILE_0}\"\n";
			showEnvVarsInLog = 0;
		};
/* End PBXShellScriptBuildPhase section */

/* Begin PBXSourcesBuildPhase section */
		6099F5AA27078EA500673EBD /* Sources */ = {
			isa = PBXSourcesBuildPhase;
			buildActionMask = 2147483647;
			files = (
				7250A91127112EDD004C90D5 /* SessionData.swift in Sources */,
				60AAF4BB2710EF1400AD6A03 /* Session.swift in Sources */,
				7250A90F27112ECF004C90D5 /* CategoryData.swift in Sources */,
				60AAF4B72710D46700AD6A03 /* TapPane.swift in Sources */,
				60AAF4BD2710EFA100AD6A03 /* SessionCard.swift in Sources */,
				6099F5B427078EA500673EBD /* ContentView.swift in Sources */,
				60AAF4B12710D31300AD6A03 /* SessionsView.swift in Sources */,
				7250A9082710FA6D004C90D5 /* Category.swift in Sources */,
				6099F5B227078EA500673EBD /* Tap_TrackerApp.swift in Sources */,
				72F4F5312712808F00006E17 /* CategoryCard.swift in Sources */,
				60AAF4B32710D32000AD6A03 /* GraphView.swift in Sources */,
				60AAF4B92710D4CD00AD6A03 /* TapView.swift in Sources */,
			);
			runOnlyForDeploymentPostprocessing = 0;
		};
/* End PBXSourcesBuildPhase section */

/* Begin XCBuildConfiguration section */
		6099F5BA27078EA700673EBD /* Debug */ = {
			isa = XCBuildConfiguration;
			buildSettings = {
				ALWAYS_SEARCH_USER_PATHS = NO;
				CLANG_ANALYZER_NONNULL = YES;
				CLANG_ANALYZER_NUMBER_OBJECT_CONVERSION = YES_AGGRESSIVE;
				CLANG_CXX_LANGUAGE_STANDARD = "gnu++17";
				CLANG_CXX_LIBRARY = "libc++";
				CLANG_ENABLE_MODULES = YES;
				CLANG_ENABLE_OBJC_ARC = YES;
				CLANG_ENABLE_OBJC_WEAK = YES;
				CLANG_WARN_BLOCK_CAPTURE_AUTORELEASING = YES;
				CLANG_WARN_BOOL_CONVERSION = YES;
				CLANG_WARN_COMMA = YES;
				CLANG_WARN_CONSTANT_CONVERSION = YES;
				CLANG_WARN_DEPRECATED_OBJC_IMPLEMENTATIONS = YES;
				CLANG_WARN_DIRECT_OBJC_ISA_USAGE = YES_ERROR;
				CLANG_WARN_DOCUMENTATION_COMMENTS = YES;
				CLANG_WARN_EMPTY_BODY = YES;
				CLANG_WARN_ENUM_CONVERSION = YES;
				CLANG_WARN_INFINITE_RECURSION = YES;
				CLANG_WARN_INT_CONVERSION = YES;
				CLANG_WARN_NON_LITERAL_NULL_CONVERSION = YES;
				CLANG_WARN_OBJC_IMPLICIT_RETAIN_SELF = YES;
				CLANG_WARN_OBJC_LITERAL_CONVERSION = YES;
				CLANG_WARN_OBJC_ROOT_CLASS = YES_ERROR;
				CLANG_WARN_QUOTED_INCLUDE_IN_FRAMEWORK_HEADER = YES;
				CLANG_WARN_RANGE_LOOP_ANALYSIS = YES;
				CLANG_WARN_STRICT_PROTOTYPES = YES;
				CLANG_WARN_SUSPICIOUS_MOVE = YES;
				CLANG_WARN_UNGUARDED_AVAILABILITY = YES_AGGRESSIVE;
				CLANG_WARN_UNREACHABLE_CODE = YES;
				CLANG_WARN__DUPLICATE_METHOD_MATCH = YES;
				COPY_PHASE_STRIP = NO;
				DEBUG_INFORMATION_FORMAT = dwarf;
				ENABLE_STRICT_OBJC_MSGSEND = YES;
				ENABLE_TESTABILITY = YES;
				GCC_C_LANGUAGE_STANDARD = gnu11;
				GCC_DYNAMIC_NO_PIC = NO;
				GCC_NO_COMMON_BLOCKS = YES;
				GCC_OPTIMIZATION_LEVEL = 0;
				GCC_PREPROCESSOR_DEFINITIONS = (
					"DEBUG=1",
					"$(inherited)",
				);
				GCC_WARN_64_TO_32_BIT_CONVERSION = YES;
				GCC_WARN_ABOUT_RETURN_TYPE = YES_ERROR;
				GCC_WARN_UNDECLARED_SELECTOR = YES;
				GCC_WARN_UNINITIALIZED_AUTOS = YES_AGGRESSIVE;
				GCC_WARN_UNUSED_FUNCTION = YES;
				GCC_WARN_UNUSED_VARIABLE = YES;
				IPHONEOS_DEPLOYMENT_TARGET = 15.0;
				MTL_ENABLE_DEBUG_INFO = INCLUDE_SOURCE;
				MTL_FAST_MATH = YES;
				ONLY_ACTIVE_ARCH = YES;
				SDKROOT = iphoneos;
				SWIFT_ACTIVE_COMPILATION_CONDITIONS = DEBUG;
				SWIFT_OPTIMIZATION_LEVEL = "-Onone";
			};
			name = Debug;
		};
		6099F5BB27078EA700673EBD /* Release */ = {
			isa = XCBuildConfiguration;
			buildSettings = {
				ALWAYS_SEARCH_USER_PATHS = NO;
				CLANG_ANALYZER_NONNULL = YES;
				CLANG_ANALYZER_NUMBER_OBJECT_CONVERSION = YES_AGGRESSIVE;
				CLANG_CXX_LANGUAGE_STANDARD = "gnu++17";
				CLANG_CXX_LIBRARY = "libc++";
				CLANG_ENABLE_MODULES = YES;
				CLANG_ENABLE_OBJC_ARC = YES;
				CLANG_ENABLE_OBJC_WEAK = YES;
				CLANG_WARN_BLOCK_CAPTURE_AUTORELEASING = YES;
				CLANG_WARN_BOOL_CONVERSION = YES;
				CLANG_WARN_COMMA = YES;
				CLANG_WARN_CONSTANT_CONVERSION = YES;
				CLANG_WARN_DEPRECATED_OBJC_IMPLEMENTATIONS = YES;
				CLANG_WARN_DIRECT_OBJC_ISA_USAGE = YES_ERROR;
				CLANG_WARN_DOCUMENTATION_COMMENTS = YES;
				CLANG_WARN_EMPTY_BODY = YES;
				CLANG_WARN_ENUM_CONVERSION = YES;
				CLANG_WARN_INFINITE_RECURSION = YES;
				CLANG_WARN_INT_CONVERSION = YES;
				CLANG_WARN_NON_LITERAL_NULL_CONVERSION = YES;
				CLANG_WARN_OBJC_IMPLICIT_RETAIN_SELF = YES;
				CLANG_WARN_OBJC_LITERAL_CONVERSION = YES;
				CLANG_WARN_OBJC_ROOT_CLASS = YES_ERROR;
				CLANG_WARN_QUOTED_INCLUDE_IN_FRAMEWORK_HEADER = YES;
				CLANG_WARN_RANGE_LOOP_ANALYSIS = YES;
				CLANG_WARN_STRICT_PROTOTYPES = YES;
				CLANG_WARN_SUSPICIOUS_MOVE = YES;
				CLANG_WARN_UNGUARDED_AVAILABILITY = YES_AGGRESSIVE;
				CLANG_WARN_UNREACHABLE_CODE = YES;
				CLANG_WARN__DUPLICATE_METHOD_MATCH = YES;
				COPY_PHASE_STRIP = NO;
				DEBUG_INFORMATION_FORMAT = "dwarf-with-dsym";
				ENABLE_NS_ASSERTIONS = NO;
				ENABLE_STRICT_OBJC_MSGSEND = YES;
				GCC_C_LANGUAGE_STANDARD = gnu11;
				GCC_NO_COMMON_BLOCKS = YES;
				GCC_WARN_64_TO_32_BIT_CONVERSION = YES;
				GCC_WARN_ABOUT_RETURN_TYPE = YES_ERROR;
				GCC_WARN_UNDECLARED_SELECTOR = YES;
				GCC_WARN_UNINITIALIZED_AUTOS = YES_AGGRESSIVE;
				GCC_WARN_UNUSED_FUNCTION = YES;
				GCC_WARN_UNUSED_VARIABLE = YES;
				IPHONEOS_DEPLOYMENT_TARGET = 15.0;
				MTL_ENABLE_DEBUG_INFO = NO;
				MTL_FAST_MATH = YES;
				SDKROOT = iphoneos;
				SWIFT_COMPILATION_MODE = wholemodule;
				SWIFT_OPTIMIZATION_LEVEL = "-O";
				VALIDATE_PRODUCT = YES;
			};
			name = Release;
		};
		6099F5BD27078EA700673EBD /* Debug */ = {
			isa = XCBuildConfiguration;
			baseConfigurationReference = 1EAB55D63F33AE749DD6D236 /* Pods-Tap Tracker.debug.xcconfig */;
			buildSettings = {
				ASSETCATALOG_COMPILER_APPICON_NAME = AppIcon;
				ASSETCATALOG_COMPILER_GLOBAL_ACCENT_COLOR_NAME = AccentColor;
				CODE_SIGN_STYLE = Automatic;
				CURRENT_PROJECT_VERSION = 1;
				DEVELOPMENT_ASSET_PATHS = "\"Tap Tracker/Preview Content\"";
				ENABLE_PREVIEWS = YES;
				GENERATE_INFOPLIST_FILE = YES;
				INFOPLIST_KEY_UIApplicationSceneManifest_Generation = YES;
				INFOPLIST_KEY_UIApplicationSupportsIndirectInputEvents = YES;
				INFOPLIST_KEY_UILaunchScreen_Generation = YES;
				INFOPLIST_KEY_UISupportedInterfaceOrientations_iPad = "UIInterfaceOrientationPortrait UIInterfaceOrientationPortraitUpsideDown UIInterfaceOrientationLandscapeLeft UIInterfaceOrientationLandscapeRight";
				INFOPLIST_KEY_UISupportedInterfaceOrientations_iPhone = "UIInterfaceOrientationPortrait UIInterfaceOrientationLandscapeLeft UIInterfaceOrientationLandscapeRight";
				IPHONEOS_DEPLOYMENT_TARGET = 14.0;
				LD_RUNPATH_SEARCH_PATHS = (
					"$(inherited)",
					"@executable_path/Frameworks",
				);
				MARKETING_VERSION = 1.0;
				PRODUCT_BUNDLE_IDENTIFIER = "ca.bcit.Tap-Tracker";
				PRODUCT_NAME = "$(TARGET_NAME)";
				SWIFT_EMIT_LOC_STRINGS = YES;
				SWIFT_VERSION = 5.0;
				TARGETED_DEVICE_FAMILY = "1,2";
			};
			name = Debug;
		};
		6099F5BE27078EA700673EBD /* Release */ = {
			isa = XCBuildConfiguration;
			baseConfigurationReference = 3FBF93B2423EB2D5703F5B52 /* Pods-Tap Tracker.release.xcconfig */;
			buildSettings = {
				ASSETCATALOG_COMPILER_APPICON_NAME = AppIcon;
				ASSETCATALOG_COMPILER_GLOBAL_ACCENT_COLOR_NAME = AccentColor;
				CODE_SIGN_STYLE = Automatic;
				CURRENT_PROJECT_VERSION = 1;
				DEVELOPMENT_ASSET_PATHS = "\"Tap Tracker/Preview Content\"";
				ENABLE_PREVIEWS = YES;
				GENERATE_INFOPLIST_FILE = YES;
				INFOPLIST_KEY_UIApplicationSceneManifest_Generation = YES;
				INFOPLIST_KEY_UIApplicationSupportsIndirectInputEvents = YES;
				INFOPLIST_KEY_UILaunchScreen_Generation = YES;
				INFOPLIST_KEY_UISupportedInterfaceOrientations_iPad = "UIInterfaceOrientationPortrait UIInterfaceOrientationPortraitUpsideDown UIInterfaceOrientationLandscapeLeft UIInterfaceOrientationLandscapeRight";
				INFOPLIST_KEY_UISupportedInterfaceOrientations_iPhone = "UIInterfaceOrientationPortrait UIInterfaceOrientationLandscapeLeft UIInterfaceOrientationLandscapeRight";
				IPHONEOS_DEPLOYMENT_TARGET = 14.0;
				LD_RUNPATH_SEARCH_PATHS = (
					"$(inherited)",
					"@executable_path/Frameworks",
				);
				MARKETING_VERSION = 1.0;
				PRODUCT_BUNDLE_IDENTIFIER = "ca.bcit.Tap-Tracker";
				PRODUCT_NAME = "$(TARGET_NAME)";
				SWIFT_EMIT_LOC_STRINGS = YES;
				SWIFT_VERSION = 5.0;
				TARGETED_DEVICE_FAMILY = "1,2";
			};
			name = Release;
		};
/* End XCBuildConfiguration section */

/* Begin XCConfigurationList section */
		6099F5A927078EA500673EBD /* Build configuration list for PBXProject "Tap Tracker" */ = {
			isa = XCConfigurationList;
			buildConfigurations = (
				6099F5BA27078EA700673EBD /* Debug */,
				6099F5BB27078EA700673EBD /* Release */,
			);
			defaultConfigurationIsVisible = 0;
			defaultConfigurationName = Release;
		};
		6099F5BC27078EA700673EBD /* Build configuration list for PBXNativeTarget "Tap Tracker" */ = {
			isa = XCConfigurationList;
			buildConfigurations = (
				6099F5BD27078EA700673EBD /* Debug */,
				6099F5BE27078EA700673EBD /* Release */,
			);
			defaultConfigurationIsVisible = 0;
			defaultConfigurationName = Release;
		};
/* End XCConfigurationList section */
	};
	rootObject = 6099F5A627078EA500673EBD /* Project object */;
}
